
Microsoft Visual Studio Solution File, Format Version 12.00
# Visual Studio Version 17
VisualStudioVersion = 17.14.37111.16
MinimumVisualStudioVersion = 10.0.40219.1
Project("{FAE04EC0-301F-11D3-BF4B-00C04F79EFBC}") = "CodingPractise", "CodingPractise.csproj", "{C0F32B55-C14D-4849-813A-05910A6DFC44}"
EndProject
Global
	GlobalSection(SolutionConfigurationPlatforms) = preSolution
		Debug|Any CPU = Debug|Any CPU
		Release|Any CPU = Release|Any CPU
	EndGlobalSection
	GlobalSection(ProjectConfigurationPlatforms) = postSolution
		{C0F32B55-C14D-4849-813A-05910A6DFC44}.Debug|Any CPU.ActiveCfg = Debug|Any CPU
		{C0F32B55-C14D-4849-813A-05910A6DFC44}.Debug|Any CPU.Build.0 = Debug|Any CPU
		{C0F32B55-C14D-4849-813A-05910A6DFC44}.Release|Any CPU.ActiveCfg = Release|Any CPU
		{C0F32B55-C14D-4849-813A-05910A6DFC44}.Release|Any CPU.Build.0 = Release|Any CPU
	EndGlobalSection
	GlobalSection(SolutionProperties) = preSolution
		HideSolutionNode = FALSE
	EndGlobalSection
	GlobalSection(ExtensibilityGlobals) = postSolution
		SolutionGuid = {C4532926-3873-483E-9E7A-A9F98FBB774E}
	EndGlobalSection
EndGlobal
