
Microsoft Visual Studio Solution File, Format Version 12.00
# Visual Studio Version 17
VisualStudioVersion = 17.14.37111.16 d17.14
MinimumVisualStudioVersion = 10.0.40219.1
Project("{FAE04EC0-301F-11D3-BF4B-00C04F79EFBC}") = "1", "1\1.csproj", "{11732D9E-FBED-4714-80F3-8C89629C26C1}"
EndProject
Global
	GlobalSection(SolutionConfigurationPlatforms) = preSolution
		Debug|Any CPU = Debug|Any CPU
		Release|Any CPU = Release|Any CPU
	EndGlobalSection
	GlobalSection(ProjectConfigurationPlatforms) = postSolution
		{11732D9E-FBED-4714-80F3-8C89629C26C1}.Debug|Any CPU.ActiveCfg = Debug|Any CPU
		{11732D9E-FBED-4714-80F3-8C89629C26C1}.Debug|Any CPU.Build.0 = Debug|Any CPU
		{11732D9E-FBED-4714-80F3-8C89629C26C1}.Release|Any CPU.ActiveCfg = Release|Any CPU
		{11732D9E-FBED-4714-80F3-8C89629C26C1}.Release|Any CPU.Build.0 = Release|Any CPU
	EndGlobalSection
	GlobalSection(SolutionProperties) = preSolution
		HideSolutionNode = FALSE
	EndGlobalSection
	GlobalSection(ExtensibilityGlobals) = postSolution
		SolutionGuid = {CCF9CE70-8C9E-479F-A56B-90B0F816FE1B}
	EndGlobalSection
EndGlobal
